// !$*UTF8*$!
{
	archiveVersion = 1;
	classes = {
	};
	objectVersion = 51;
	objects = {

/* Begin PBXBuildFile section */
		374B35FB25E67F99005F1499 /* BidMachineNativeAdRenderer.m in Sources */ = {isa = PBXBuildFile; fileRef = 374B35D925E67F99005F1499 /* BidMachineNativeAdRenderer.m */; };
		374B35FC25E67F99005F1499 /* BidMachineNativeAdCustomEvent.m in Sources */ = {isa = PBXBuildFile; fileRef = 374B35DA25E67F99005F1499 /* BidMachineNativeAdCustomEvent.m */; };
		374B35FE25E67F99005F1499 /* BidMachineInterstitialCustomEvent.m in Sources */ = {isa = PBXBuildFile; fileRef = 374B35DD25E67F99005F1499 /* BidMachineInterstitialCustomEvent.m */; };
		374B35FF25E67F99005F1499 /* BidMachineAdapterConfiguration.m in Sources */ = {isa = PBXBuildFile; fileRef = 374B35DE25E67F99005F1499 /* BidMachineAdapterConfiguration.m */; };
		374B360025E67F99005F1499 /* BidMachineNativeAdAdapter.m in Sources */ = {isa = PBXBuildFile; fileRef = 374B35E025E67F99005F1499 /* BidMachineNativeAdAdapter.m */; };
		374B360925E67F99005F1499 /* BidMachineBannerCustomEvent.m in Sources */ = {isa = PBXBuildFile; fileRef = 374B35F525E67F99005F1499 /* BidMachineBannerCustomEvent.m */; };
		374B360A25E67F99005F1499 /* BidMachineRewardedVideoCustomEvent.m in Sources */ = {isa = PBXBuildFile; fileRef = 374B35F825E67F99005F1499 /* BidMachineRewardedVideoCustomEvent.m */; };
		374B363025E6829C005F1499 /* Empty.swift in Sources */ = {isa = PBXBuildFile; fileRef = 374B362F25E6829C005F1499 /* Empty.swift */; };
		374B36C325E68A86005F1499 /* BDMExternalAdapterConfiguration.m in Sources */ = {isa = PBXBuildFile; fileRef = 374B36BD25E68A85005F1499 /* BDMExternalAdapterConfiguration.m */; };
		374B36C425E68A86005F1499 /* BDMExternalAdapterKeywordsTransformer.m in Sources */ = {isa = PBXBuildFile; fileRef = 374B36BF25E68A85005F1499 /* BDMExternalAdapterKeywordsTransformer.m */; };
		374B36C525E68A86005F1499 /* BDMExternalAdapterRequestController.m in Sources */ = {isa = PBXBuildFile; fileRef = 374B36C025E68A85005F1499 /* BDMExternalAdapterRequestController.m */; };
		6528D635238D2B0400CA4B30 /* NativeAdView.m in Sources */ = {isa = PBXBuildFile; fileRef = 6528D634238D2B0400CA4B30 /* NativeAdView.m */; };
		65693AF12390F700007B0D33 /* BaseView.xib in Resources */ = {isa = PBXBuildFile; fileRef = 65693AEE2390F700007B0D33 /* BaseView.xib */; };
		65693AF22390F700007B0D33 /* Base.m in Sources */ = {isa = PBXBuildFile; fileRef = 65693AEF2390F700007B0D33 /* Base.m */; };
		65693AFB2390F740007B0D33 /* Native.m in Sources */ = {isa = PBXBuildFile; fileRef = 65693AF32390F73F007B0D33 /* Native.m */; };
		65693AFC2390F740007B0D33 /* Banner.m in Sources */ = {isa = PBXBuildFile; fileRef = 65693AF42390F73F007B0D33 /* Banner.m */; };
		65693AFD2390F740007B0D33 /* Interstitial.m in Sources */ = {isa = PBXBuildFile; fileRef = 65693AF92390F740007B0D33 /* Interstitial.m */; };
		65693AFE2390F740007B0D33 /* Rewarded.m in Sources */ = {isa = PBXBuildFile; fileRef = 65693AFA2390F740007B0D33 /* Rewarded.m */; };
		65693B022390F78A007B0D33 /* NativeAdRenderer.m in Sources */ = {isa = PBXBuildFile; fileRef = 65693B002390F78A007B0D33 /* NativeAdRenderer.m */; };
		65EE3D26238E73ED00F105A0 /* NativeAdView.xib in Resources */ = {isa = PBXBuildFile; fileRef = 65EE3D25238E73ED00F105A0 /* NativeAdView.xib */; };
		D96190F5222957C50057C11A /* AppDelegate.m in Sources */ = {isa = PBXBuildFile; fileRef = D96190F4222957C50057C11A /* AppDelegate.m */; };
		D96190FB222957C50057C11A /* Main.storyboard in Resources */ = {isa = PBXBuildFile; fileRef = D96190F9222957C50057C11A /* Main.storyboard */; };
		D96190FD222957C60057C11A /* Assets.xcassets in Resources */ = {isa = PBXBuildFile; fileRef = D96190FC222957C60057C11A /* Assets.xcassets */; };
		D9619100222957C60057C11A /* LaunchScreen.storyboard in Resources */ = {isa = PBXBuildFile; fileRef = D96190FE222957C60057C11A /* LaunchScreen.storyboard */; };
		D9619103222957C60057C11A /* main.m in Sources */ = {isa = PBXBuildFile; fileRef = D9619102222957C60057C11A /* main.m */; };
		F72B0D077E8F8DD476708C30 /* libPods-BidMachineSample.a in Frameworks */ = {isa = PBXBuildFile; fileRef = F9208C429C644246E91BB0DA /* libPods-BidMachineSample.a */; };
/* End PBXBuildFile section */

/* Begin PBXFileReference section */
		374B35D925E67F99005F1499 /* BidMachineNativeAdRenderer.m */ = {isa = PBXFileReference; fileEncoding = 4; lastKnownFileType = sourcecode.c.objc; path = BidMachineNativeAdRenderer.m; sourceTree = "<group>"; };
		374B35DA25E67F99005F1499 /* BidMachineNativeAdCustomEvent.m */ = {isa = PBXFileReference; fileEncoding = 4; lastKnownFileType = sourcecode.c.objc; path = BidMachineNativeAdCustomEvent.m; sourceTree = "<group>"; };
		374B35DB25E67F99005F1499 /* BidMachineBannerCustomEvent.h */ = {isa = PBXFileReference; fileEncoding = 4; lastKnownFileType = sourcecode.c.h; path = BidMachineBannerCustomEvent.h; sourceTree = "<group>"; };
		374B35DD25E67F99005F1499 /* BidMachineInterstitialCustomEvent.m */ = {isa = PBXFileReference; fileEncoding = 4; lastKnownFileType = sourcecode.c.objc; path = BidMachineInterstitialCustomEvent.m; sourceTree = "<group>"; };
		374B35DE25E67F99005F1499 /* BidMachineAdapterConfiguration.m */ = {isa = PBXFileReference; fileEncoding = 4; lastKnownFileType = sourcecode.c.objc; path = BidMachineAdapterConfiguration.m; sourceTree = "<group>"; };
		374B35DF25E67F99005F1499 /* BidMachineRewardedVideoCustomEvent.h */ = {isa = PBXFileReference; fileEncoding = 4; lastKnownFileType = sourcecode.c.h; path = BidMachineRewardedVideoCustomEvent.h; sourceTree = "<group>"; };
		374B35E025E67F99005F1499 /* BidMachineNativeAdAdapter.m */ = {isa = PBXFileReference; fileEncoding = 4; lastKnownFileType = sourcecode.c.objc; path = BidMachineNativeAdAdapter.m; sourceTree = "<group>"; };
		374B35F325E67F99005F1499 /* BidMachineNativeAdRenderer.h */ = {isa = PBXFileReference; fileEncoding = 4; lastKnownFileType = sourcecode.c.h; path = BidMachineNativeAdRenderer.h; sourceTree = "<group>"; };
		374B35F525E67F99005F1499 /* BidMachineBannerCustomEvent.m */ = {isa = PBXFileReference; fileEncoding = 4; lastKnownFileType = sourcecode.c.objc; path = BidMachineBannerCustomEvent.m; sourceTree = "<group>"; };
		374B35F625E67F99005F1499 /* BidMachineNativeAdCustomEvent.h */ = {isa = PBXFileReference; fileEncoding = 4; lastKnownFileType = sourcecode.c.h; path = BidMachineNativeAdCustomEvent.h; sourceTree = "<group>"; };
		374B35F725E67F99005F1499 /* BidMachineNativeAdAdapter.h */ = {isa = PBXFileReference; fileEncoding = 4; lastKnownFileType = sourcecode.c.h; path = BidMachineNativeAdAdapter.h; sourceTree = "<group>"; };
		374B35F825E67F99005F1499 /* BidMachineRewardedVideoCustomEvent.m */ = {isa = PBXFileReference; fileEncoding = 4; lastKnownFileType = sourcecode.c.objc; path = BidMachineRewardedVideoCustomEvent.m; sourceTree = "<group>"; };
		374B35F925E67F99005F1499 /* BidMachineAdapterConfiguration.h */ = {isa = PBXFileReference; fileEncoding = 4; lastKnownFileType = sourcecode.c.h; path = BidMachineAdapterConfiguration.h; sourceTree = "<group>"; };
		374B35FA25E67F99005F1499 /* BidMachineInterstitialCustomEvent.h */ = {isa = PBXFileReference; fileEncoding = 4; lastKnownFileType = sourcecode.c.h; path = BidMachineInterstitialCustomEvent.h; sourceTree = "<group>"; };
		374B361E25E68237005F1499 /* BidMachineSample.app */ = {isa = PBXFileReference; explicitFileType = wrapper.application; includeInIndex = 0; path = BidMachineSample.app; sourceTree = BUILT_PRODUCTS_DIR; };
		374B362F25E6829C005F1499 /* Empty.swift */ = {isa = PBXFileReference; lastKnownFileType = sourcecode.swift; path = Empty.swift; sourceTree = "<group>"; };
		374B36BD25E68A85005F1499 /* BDMExternalAdapterConfiguration.m */ = {isa = PBXFileReference; fileEncoding = 4; lastKnownFileType = sourcecode.c.objc; path = BDMExternalAdapterConfiguration.m; sourceTree = "<group>"; };
		374B36BE25E68A85005F1499 /* BDMExternalAdapterRequestController.h */ = {isa = PBXFileReference; fileEncoding = 4; lastKnownFileType = sourcecode.c.h; path = BDMExternalAdapterRequestController.h; sourceTree = "<group>"; };
		374B36BF25E68A85005F1499 /* BDMExternalAdapterKeywordsTransformer.m */ = {isa = PBXFileReference; fileEncoding = 4; lastKnownFileType = sourcecode.c.objc; path = BDMExternalAdapterKeywordsTransformer.m; sourceTree = "<group>"; };
		374B36C025E68A85005F1499 /* BDMExternalAdapterRequestController.m */ = {isa = PBXFileReference; fileEncoding = 4; lastKnownFileType = sourcecode.c.objc; path = BDMExternalAdapterRequestController.m; sourceTree = "<group>"; };
		374B36C125E68A85005F1499 /* BDMExternalAdapterKeywordsTransformer.h */ = {isa = PBXFileReference; fileEncoding = 4; lastKnownFileType = sourcecode.c.h; path = BDMExternalAdapterKeywordsTransformer.h; sourceTree = "<group>"; };
		374B36C225E68A85005F1499 /* BDMExternalAdapterConfiguration.h */ = {isa = PBXFileReference; fileEncoding = 4; lastKnownFileType = sourcecode.c.h; path = BDMExternalAdapterConfiguration.h; sourceTree = "<group>"; };
		6528D633238D2B0400CA4B30 /* NativeAdView.h */ = {isa = PBXFileReference; lastKnownFileType = sourcecode.c.h; path = NativeAdView.h; sourceTree = "<group>"; };
		6528D634238D2B0400CA4B30 /* NativeAdView.m */ = {isa = PBXFileReference; lastKnownFileType = sourcecode.c.objc; path = NativeAdView.m; sourceTree = "<group>"; };
		65693AEE2390F700007B0D33 /* BaseView.xib */ = {isa = PBXFileReference; fileEncoding = 4; lastKnownFileType = file.xib; path = BaseView.xib; sourceTree = "<group>"; };
		65693AEF2390F700007B0D33 /* Base.m */ = {isa = PBXFileReference; fileEncoding = 4; lastKnownFileType = sourcecode.c.objc; path = Base.m; sourceTree = "<group>"; };
		65693AF02390F700007B0D33 /* Base.h */ = {isa = PBXFileReference; fileEncoding = 4; lastKnownFileType = sourcecode.c.h; path = Base.h; sourceTree = "<group>"; };
		65693AF32390F73F007B0D33 /* Native.m */ = {isa = PBXFileReference; fileEncoding = 4; lastKnownFileType = sourcecode.c.objc; path = Native.m; sourceTree = "<group>"; };
		65693AF42390F73F007B0D33 /* Banner.m */ = {isa = PBXFileReference; fileEncoding = 4; lastKnownFileType = sourcecode.c.objc; path = Banner.m; sourceTree = "<group>"; };
		65693AF52390F740007B0D33 /* Rewarded.h */ = {isa = PBXFileReference; fileEncoding = 4; lastKnownFileType = sourcecode.c.h; path = Rewarded.h; sourceTree = "<group>"; };
		65693AF62390F740007B0D33 /* Interstitial.h */ = {isa = PBXFileReference; fileEncoding = 4; lastKnownFileType = sourcecode.c.h; path = Interstitial.h; sourceTree = "<group>"; };
		65693AF72390F740007B0D33 /* Banner.h */ = {isa = PBXFileReference; fileEncoding = 4; lastKnownFileType = sourcecode.c.h; path = Banner.h; sourceTree = "<group>"; };
		65693AF82390F740007B0D33 /* Native.h */ = {isa = PBXFileReference; fileEncoding = 4; lastKnownFileType = sourcecode.c.h; path = Native.h; sourceTree = "<group>"; };
		65693AF92390F740007B0D33 /* Interstitial.m */ = {isa = PBXFileReference; fileEncoding = 4; lastKnownFileType = sourcecode.c.objc; path = Interstitial.m; sourceTree = "<group>"; };
		65693AFA2390F740007B0D33 /* Rewarded.m */ = {isa = PBXFileReference; fileEncoding = 4; lastKnownFileType = sourcecode.c.objc; path = Rewarded.m; sourceTree = "<group>"; };
		65693B002390F78A007B0D33 /* NativeAdRenderer.m */ = {isa = PBXFileReference; fileEncoding = 4; lastKnownFileType = sourcecode.c.objc; path = NativeAdRenderer.m; sourceTree = "<group>"; };
		65693B012390F78A007B0D33 /* NativeAdRenderer.h */ = {isa = PBXFileReference; fileEncoding = 4; lastKnownFileType = sourcecode.c.h; path = NativeAdRenderer.h; sourceTree = "<group>"; };
		65EE3D25238E73ED00F105A0 /* NativeAdView.xib */ = {isa = PBXFileReference; lastKnownFileType = file.xib; path = NativeAdView.xib; sourceTree = "<group>"; };
		906159D84DB6A361C8958D07 /* Pods-BidMachineSample.debug.xcconfig */ = {isa = PBXFileReference; includeInIndex = 1; lastKnownFileType = text.xcconfig; name = "Pods-BidMachineSample.debug.xcconfig"; path = "Target Support Files/Pods-BidMachineSample/Pods-BidMachineSample.debug.xcconfig"; sourceTree = "<group>"; };
		D96190F3222957C50057C11A /* AppDelegate.h */ = {isa = PBXFileReference; lastKnownFileType = sourcecode.c.h; path = AppDelegate.h; sourceTree = "<group>"; };
		D96190F4222957C50057C11A /* AppDelegate.m */ = {isa = PBXFileReference; lastKnownFileType = sourcecode.c.objc; path = AppDelegate.m; sourceTree = "<group>"; };
		D96190FA222957C50057C11A /* Base */ = {isa = PBXFileReference; lastKnownFileType = file.storyboard; name = Base; path = Base.lproj/Main.storyboard; sourceTree = "<group>"; };
		D96190FC222957C60057C11A /* Assets.xcassets */ = {isa = PBXFileReference; lastKnownFileType = folder.assetcatalog; path = Assets.xcassets; sourceTree = "<group>"; };
		D96190FF222957C60057C11A /* Base */ = {isa = PBXFileReference; lastKnownFileType = file.storyboard; name = Base; path = Base.lproj/LaunchScreen.storyboard; sourceTree = "<group>"; };
		D9619101222957C60057C11A /* Info.plist */ = {isa = PBXFileReference; lastKnownFileType = text.plist.xml; path = Info.plist; sourceTree = "<group>"; };
		D9619102222957C60057C11A /* main.m */ = {isa = PBXFileReference; lastKnownFileType = sourcecode.c.objc; path = main.m; sourceTree = "<group>"; };
		E572D9AE5411BA8D7F1A45ED /* Pods-BidMachineSample.release.xcconfig */ = {isa = PBXFileReference; includeInIndex = 1; lastKnownFileType = text.xcconfig; name = "Pods-BidMachineSample.release.xcconfig"; path = "Target Support Files/Pods-BidMachineSample/Pods-BidMachineSample.release.xcconfig"; sourceTree = "<group>"; };
		F9208C429C644246E91BB0DA /* libPods-BidMachineSample.a */ = {isa = PBXFileReference; explicitFileType = archive.ar; includeInIndex = 0; path = "libPods-BidMachineSample.a"; sourceTree = BUILT_PRODUCTS_DIR; };
/* End PBXFileReference section */

/* Begin PBXFrameworksBuildPhase section */
		D96190ED222957C50057C11A /* Frameworks */ = {
			isa = PBXFrameworksBuildPhase;
			buildActionMask = 2147483647;
			files = (
				F72B0D077E8F8DD476708C30 /* libPods-BidMachineSample.a in Frameworks */,
			);
			runOnlyForDeploymentPostprocessing = 0;
		};
/* End PBXFrameworksBuildPhase section */

/* Begin PBXGroup section */
		374B35D825E67F99005F1499 /* Adapter */ = {
			isa = PBXGroup;
			children = (
				374B35E125E67F99005F1499 /* Utils */,
				374B35F925E67F99005F1499 /* BidMachineAdapterConfiguration.h */,
				374B35DE25E67F99005F1499 /* BidMachineAdapterConfiguration.m */,
				374B36B525E687C8005F1499 /* Banner */,
				374B36B725E68805005F1499 /* Interstitial */,
				374B36BA25E68849005F1499 /* Rewarded */,
				374B36BB25E68852005F1499 /* Native */,
			);
			name = Adapter;
			path = "BidMachine-IOS-MoPub-Adapter/Adapter";
			sourceTree = SOURCE_ROOT;
		};
		374B35E125E67F99005F1499 /* Utils */ = {
			isa = PBXGroup;
			children = (
				374B36C225E68A85005F1499 /* BDMExternalAdapterConfiguration.h */,
				374B36BD25E68A85005F1499 /* BDMExternalAdapterConfiguration.m */,
				374B36C125E68A85005F1499 /* BDMExternalAdapterKeywordsTransformer.h */,
				374B36BF25E68A85005F1499 /* BDMExternalAdapterKeywordsTransformer.m */,
				374B36BE25E68A85005F1499 /* BDMExternalAdapterRequestController.h */,
				374B36C025E68A85005F1499 /* BDMExternalAdapterRequestController.m */,
			);
			path = Utils;
			sourceTree = "<group>";
		};
		374B36B525E687C8005F1499 /* Banner */ = {
			isa = PBXGroup;
			children = (
				374B35DB25E67F99005F1499 /* BidMachineBannerCustomEvent.h */,
				374B35F525E67F99005F1499 /* BidMachineBannerCustomEvent.m */,
			);
			name = Banner;
			sourceTree = "<group>";
		};
		374B36B725E68805005F1499 /* Interstitial */ = {
			isa = PBXGroup;
			children = (
				374B35FA25E67F99005F1499 /* BidMachineInterstitialCustomEvent.h */,
				374B35DD25E67F99005F1499 /* BidMachineInterstitialCustomEvent.m */,
			);
			name = Interstitial;
			sourceTree = "<group>";
		};
		374B36BA25E68849005F1499 /* Rewarded */ = {
			isa = PBXGroup;
			children = (
				374B35DF25E67F99005F1499 /* BidMachineRewardedVideoCustomEvent.h */,
				374B35F825E67F99005F1499 /* BidMachineRewardedVideoCustomEvent.m */,
			);
			name = Rewarded;
			sourceTree = "<group>";
		};
		374B36BB25E68852005F1499 /* Native */ = {
			isa = PBXGroup;
			children = (
				374B35F625E67F99005F1499 /* BidMachineNativeAdCustomEvent.h */,
				374B35DA25E67F99005F1499 /* BidMachineNativeAdCustomEvent.m */,
				374B35E025E67F99005F1499 /* BidMachineNativeAdAdapter.m */,
				374B35F725E67F99005F1499 /* BidMachineNativeAdAdapter.h */,
				374B35F325E67F99005F1499 /* BidMachineNativeAdRenderer.h */,
				374B35D925E67F99005F1499 /* BidMachineNativeAdRenderer.m */,
			);
			name = Native;
			sourceTree = "<group>";
		};
		65693AEC2390F6BA007B0D33 /* AdControllers */ = {
			isa = PBXGroup;
			children = (
				65693AED2390F6D3007B0D33 /* Base */,
				65693AF62390F740007B0D33 /* Interstitial.h */,
				65693AF92390F740007B0D33 /* Interstitial.m */,
				65693AF52390F740007B0D33 /* Rewarded.h */,
				65693AFA2390F740007B0D33 /* Rewarded.m */,
				65693AF72390F740007B0D33 /* Banner.h */,
				65693AF42390F73F007B0D33 /* Banner.m */,
				65693AF82390F740007B0D33 /* Native.h */,
				65693AF32390F73F007B0D33 /* Native.m */,
			);
			name = AdControllers;
			sourceTree = "<group>";
		};
		65693AED2390F6D3007B0D33 /* Base */ = {
			isa = PBXGroup;
			children = (
				65693AF02390F700007B0D33 /* Base.h */,
				65693AEF2390F700007B0D33 /* Base.m */,
				65693AEE2390F700007B0D33 /* BaseView.xib */,
			);
			name = Base;
			sourceTree = "<group>";
		};
		65693AFF2390F761007B0D33 /* Presenters */ = {
			isa = PBXGroup;
			children = (
				6528D633238D2B0400CA4B30 /* NativeAdView.h */,
				6528D634238D2B0400CA4B30 /* NativeAdView.m */,
				65693B012390F78A007B0D33 /* NativeAdRenderer.h */,
				65693B002390F78A007B0D33 /* NativeAdRenderer.m */,
				65EE3D25238E73ED00F105A0 /* NativeAdView.xib */,
			);
			name = Presenters;
			sourceTree = "<group>";
		};
		65693B042390F7F2007B0D33 /* ApplicationSupport */ = {
			isa = PBXGroup;
			children = (
				D96190F9222957C50057C11A /* Main.storyboard */,
				D96190FC222957C60057C11A /* Assets.xcassets */,
				D96190FE222957C60057C11A /* LaunchScreen.storyboard */,
				D9619101222957C60057C11A /* Info.plist */,
				D9619102222957C60057C11A /* main.m */,
				374B362F25E6829C005F1499 /* Empty.swift */,
			);
			name = ApplicationSupport;
			sourceTree = "<group>";
		};
		87F7B454BECA0DD1F039080A /* Pods */ = {
			isa = PBXGroup;
			children = (
				906159D84DB6A361C8958D07 /* Pods-BidMachineSample.debug.xcconfig */,
				E572D9AE5411BA8D7F1A45ED /* Pods-BidMachineSample.release.xcconfig */,
			);
			path = Pods;
			sourceTree = "<group>";
		};
		D96190E7222957C50057C11A = {
			isa = PBXGroup;
			children = (
				D96190F2222957C50057C11A /* BidMachineSample */,
				87F7B454BECA0DD1F039080A /* Pods */,
				DDF26E1CFAA34ED9FB4E6495 /* Frameworks */,
				374B361E25E68237005F1499 /* BidMachineSample.app */,
			);
			sourceTree = "<group>";
		};
		D96190F2222957C50057C11A /* BidMachineSample */ = {
			isa = PBXGroup;
			children = (
				374B35D825E67F99005F1499 /* Adapter */,
				D96190F3222957C50057C11A /* AppDelegate.h */,
				D96190F4222957C50057C11A /* AppDelegate.m */,
				65693AFF2390F761007B0D33 /* Presenters */,
				65693AEC2390F6BA007B0D33 /* AdControllers */,
				65693B042390F7F2007B0D33 /* ApplicationSupport */,
			);
			path = BidMachineSample;
			sourceTree = "<group>";
		};
		DDF26E1CFAA34ED9FB4E6495 /* Frameworks */ = {
			isa = PBXGroup;
			children = (
				F9208C429C644246E91BB0DA /* libPods-BidMachineSample.a */,
			);
			name = Frameworks;
			sourceTree = "<group>";
		};
/* End PBXGroup section */

/* Begin PBXNativeTarget section */
		D96190EF222957C50057C11A /* BidMachineSample */ = {
			isa = PBXNativeTarget;
			buildConfigurationList = D9619106222957C60057C11A /* Build configuration list for PBXNativeTarget "BidMachineSample" */;
			buildPhases = (
				1AE78C6B14873E031CBB446D /* [CP] Check Pods Manifest.lock */,
				D96190EC222957C50057C11A /* Sources */,
				D96190ED222957C50057C11A /* Frameworks */,
				D96190EE222957C50057C11A /* Resources */,
				C08509526BB21B9859148630 /* [CP] Copy Pods Resources */,
				98D9B738465B7A9E2C6273FC /* [CP] Embed Pods Frameworks */,
			);
			buildRules = (
			);
			dependencies = (
			);
			name = BidMachineSample;
			productName = BMIntegrationSample;
			productReference = 374B361E25E68237005F1499 /* BidMachineSample.app */;
			productType = "com.apple.product-type.application";
		};
/* End PBXNativeTarget section */

/* Begin PBXProject section */
		D96190E8222957C50057C11A /* Project object */ = {
			isa = PBXProject;
			attributes = {
				LastUpgradeCheck = 1010;
				ORGANIZATIONNAME = BidMachine;
				TargetAttributes = {
					D96190EF222957C50057C11A = {
						CreatedOnToolsVersion = 10.1;
						LastSwiftMigration = 1230;
					};
				};
			};
			buildConfigurationList = D96190EB222957C50057C11A /* Build configuration list for PBXProject "BidMachineSample" */;
			compatibilityVersion = "Xcode 9.3";
			developmentRegion = en;
			hasScannedForEncodings = 0;
			knownRegions = (
				en,
				Base,
			);
			mainGroup = D96190E7222957C50057C11A;
			productRefGroup = D96190E7222957C50057C11A;
			projectDirPath = "";
			projectRoot = "";
			targets = (
				D96190EF222957C50057C11A /* BidMachineSample */,
			);
		};
/* End PBXProject section */

/* Begin PBXResourcesBuildPhase section */
		D96190EE222957C50057C11A /* Resources */ = {
			isa = PBXResourcesBuildPhase;
			buildActionMask = 2147483647;
			files = (
				D9619100222957C60057C11A /* LaunchScreen.storyboard in Resources */,
				65EE3D26238E73ED00F105A0 /* NativeAdView.xib in Resources */,
				65693AF12390F700007B0D33 /* BaseView.xib in Resources */,
				D96190FD222957C60057C11A /* Assets.xcassets in Resources */,
				D96190FB222957C50057C11A /* Main.storyboard in Resources */,
			);
			runOnlyForDeploymentPostprocessing = 0;
		};
/* End PBXResourcesBuildPhase section */

/* Begin PBXShellScriptBuildPhase section */
		1AE78C6B14873E031CBB446D /* [CP] Check Pods Manifest.lock */ = {
			isa = PBXShellScriptBuildPhase;
			buildActionMask = 2147483647;
			files = (
			);
			inputFileListPaths = (
			);
			inputPaths = (
				"${PODS_PODFILE_DIR_PATH}/Podfile.lock",
				"${PODS_ROOT}/Manifest.lock",
			);
			name = "[CP] Check Pods Manifest.lock";
			outputFileListPaths = (
			);
			outputPaths = (
				"$(DERIVED_FILE_DIR)/Pods-BidMachineSample-checkManifestLockResult.txt",
			);
			runOnlyForDeploymentPostprocessing = 0;
			shellPath = /bin/sh;
			shellScript = "diff \"${PODS_PODFILE_DIR_PATH}/Podfile.lock\" \"${PODS_ROOT}/Manifest.lock\" > /dev/null\nif [ $? != 0 ] ; then\n    # print error to STDERR\n    echo \"error: The sandbox is not in sync with the Podfile.lock. Run 'pod install' or update your CocoaPods installation.\" >&2\n    exit 1\nfi\n# This output is used by Xcode 'outputs' to avoid re-running this script phase.\necho \"SUCCESS\" > \"${SCRIPT_OUTPUT_FILE_0}\"\n";
			showEnvVarsInLog = 0;
		};
		98D9B738465B7A9E2C6273FC /* [CP] Embed Pods Frameworks */ = {
			isa = PBXShellScriptBuildPhase;
			buildActionMask = 2147483647;
			files = (
			);
			inputFileListPaths = (
				"${PODS_ROOT}/Target Support Files/Pods-BidMachineSample/Pods-BidMachineSample-frameworks-${CONFIGURATION}-input-files.xcfilelist",
			);
			name = "[CP] Embed Pods Frameworks";
			outputFileListPaths = (
				"${PODS_ROOT}/Target Support Files/Pods-BidMachineSample/Pods-BidMachineSample-frameworks-${CONFIGURATION}-output-files.xcfilelist",
			);
			runOnlyForDeploymentPostprocessing = 0;
			shellPath = /bin/sh;
			shellScript = "\"${PODS_ROOT}/Target Support Files/Pods-BidMachineSample/Pods-BidMachineSample-frameworks.sh\"\n";
			showEnvVarsInLog = 0;
		};
		C08509526BB21B9859148630 /* [CP] Copy Pods Resources */ = {
			isa = PBXShellScriptBuildPhase;
			buildActionMask = 2147483647;
			files = (
			);
			inputFileListPaths = (
				"${PODS_ROOT}/Target Support Files/Pods-BidMachineSample/Pods-BidMachineSample-resources-${CONFIGURATION}-input-files.xcfilelist",
			);
			name = "[CP] Copy Pods Resources";
			outputFileListPaths = (
				"${PODS_ROOT}/Target Support Files/Pods-BidMachineSample/Pods-BidMachineSample-resources-${CONFIGURATION}-output-files.xcfilelist",
			);
			runOnlyForDeploymentPostprocessing = 0;
			shellPath = /bin/sh;
			shellScript = "\"${PODS_ROOT}/Target Support Files/Pods-BidMachineSample/Pods-BidMachineSample-resources.sh\"\n";
			showEnvVarsInLog = 0;
		};
/* End PBXShellScriptBuildPhase section */

/* Begin PBXSourcesBuildPhase section */
		D96190EC222957C50057C11A /* Sources */ = {
			isa = PBXSourcesBuildPhase;
			buildActionMask = 2147483647;
			files = (
				65693B022390F78A007B0D33 /* NativeAdRenderer.m in Sources */,
				65693AF22390F700007B0D33 /* Base.m in Sources */,
				374B35FC25E67F99005F1499 /* BidMachineNativeAdCustomEvent.m in Sources */,
				6528D635238D2B0400CA4B30 /* NativeAdView.m in Sources */,
				65693AFC2390F740007B0D33 /* Banner.m in Sources */,
				374B36C525E68A86005F1499 /* BDMExternalAdapterRequestController.m in Sources */,
				374B363025E6829C005F1499 /* Empty.swift in Sources */,
				374B36C425E68A86005F1499 /* BDMExternalAdapterKeywordsTransformer.m in Sources */,
				D9619103222957C60057C11A /* main.m in Sources */,
				374B360025E67F99005F1499 /* BidMachineNativeAdAdapter.m in Sources */,
				65693AFD2390F740007B0D33 /* Interstitial.m in Sources */,
				374B35FB25E67F99005F1499 /* BidMachineNativeAdRenderer.m in Sources */,
				374B36C325E68A86005F1499 /* BDMExternalAdapterConfiguration.m in Sources */,
				374B360A25E67F99005F1499 /* BidMachineRewardedVideoCustomEvent.m in Sources */,
				374B35FE25E67F99005F1499 /* BidMachineInterstitialCustomEvent.m in Sources */,
				374B360925E67F99005F1499 /* BidMachineBannerCustomEvent.m in Sources */,
				374B35FF25E67F99005F1499 /* BidMachineAdapterConfiguration.m in Sources */,
				65693AFE2390F740007B0D33 /* Rewarded.m in Sources */,
				65693AFB2390F740007B0D33 /* Native.m in Sources */,
				D96190F5222957C50057C11A /* AppDelegate.m in Sources */,
			);
			runOnlyForDeploymentPostprocessing = 0;
		};
/* End PBXSourcesBuildPhase section */

/* Begin PBXVariantGroup section */
		D96190F9222957C50057C11A /* Main.storyboard */ = {
			isa = PBXVariantGroup;
			children = (
				D96190FA222957C50057C11A /* Base */,
			);
			name = Main.storyboard;
			sourceTree = "<group>";
		};
		D96190FE222957C60057C11A /* LaunchScreen.storyboard */ = {
			isa = PBXVariantGroup;
			children = (
				D96190FF222957C60057C11A /* Base */,
			);
			name = LaunchScreen.storyboard;
			sourceTree = "<group>";
		};
/* End PBXVariantGroup section */

/* Begin XCBuildConfiguration section */
		D9619104222957C60057C11A /* Debug */ = {
			isa = XCBuildConfiguration;
			buildSettings = {
				ALWAYS_SEARCH_USER_PATHS = NO;
				CLANG_ANALYZER_NONNULL = YES;
				CLANG_ANALYZER_NUMBER_OBJECT_CONVERSION = YES_AGGRESSIVE;
				CLANG_CXX_LANGUAGE_STANDARD = "gnu++14";
				CLANG_CXX_LIBRARY = "libc++";
				CLANG_ENABLE_MODULES = YES;
				CLANG_ENABLE_OBJC_ARC = YES;
				CLANG_ENABLE_OBJC_WEAK = YES;
				CLANG_WARN_BLOCK_CAPTURE_AUTORELEASING = YES;
				CLANG_WARN_BOOL_CONVERSION = YES;
				CLANG_WARN_COMMA = YES;
				CLANG_WARN_CONSTANT_CONVERSION = YES;
				CLANG_WARN_DEPRECATED_OBJC_IMPLEMENTATIONS = YES;
				CLANG_WARN_DIRECT_OBJC_ISA_USAGE = YES_ERROR;
				CLANG_WARN_DOCUMENTATION_COMMENTS = YES;
				CLANG_WARN_EMPTY_BODY = YES;
				CLANG_WARN_ENUM_CONVERSION = YES;
				CLANG_WARN_INFINITE_RECURSION = YES;
				CLANG_WARN_INT_CONVERSION = YES;
				CLANG_WARN_NON_LITERAL_NULL_CONVERSION = YES;
				CLANG_WARN_OBJC_IMPLICIT_RETAIN_SELF = YES;
				CLANG_WARN_OBJC_LITERAL_CONVERSION = YES;
				CLANG_WARN_OBJC_ROOT_CLASS = YES_ERROR;
				CLANG_WARN_RANGE_LOOP_ANALYSIS = YES;
				CLANG_WARN_STRICT_PROTOTYPES = YES;
				CLANG_WARN_SUSPICIOUS_MOVE = YES;
				CLANG_WARN_UNGUARDED_AVAILABILITY = YES_AGGRESSIVE;
				CLANG_WARN_UNREACHABLE_CODE = YES;
				CLANG_WARN__DUPLICATE_METHOD_MATCH = YES;
				CODE_SIGN_IDENTITY = "iPhone Developer";
				COPY_PHASE_STRIP = NO;
				DEBUG_INFORMATION_FORMAT = dwarf;
				ENABLE_STRICT_OBJC_MSGSEND = YES;
				ENABLE_TESTABILITY = YES;
				GCC_C_LANGUAGE_STANDARD = gnu11;
				GCC_DYNAMIC_NO_PIC = NO;
				GCC_NO_COMMON_BLOCKS = YES;
				GCC_OPTIMIZATION_LEVEL = 0;
				GCC_PREPROCESSOR_DEFINITIONS = (
					"DEBUG=1",
					"$(inherited)",
				);
				GCC_WARN_64_TO_32_BIT_CONVERSION = YES;
				GCC_WARN_ABOUT_RETURN_TYPE = YES_ERROR;
				GCC_WARN_UNDECLARED_SELECTOR = YES;
				GCC_WARN_UNINITIALIZED_AUTOS = YES_AGGRESSIVE;
				GCC_WARN_UNUSED_FUNCTION = YES;
				GCC_WARN_UNUSED_VARIABLE = YES;
				IPHONEOS_DEPLOYMENT_TARGET = 12.1;
				MTL_ENABLE_DEBUG_INFO = INCLUDE_SOURCE;
				MTL_FAST_MATH = YES;
				ONLY_ACTIVE_ARCH = YES;
				SDKROOT = iphoneos;
			};
			name = Debug;
		};
		D9619105222957C60057C11A /* Release */ = {
			isa = XCBuildConfiguration;
			buildSettings = {
				ALWAYS_SEARCH_USER_PATHS = NO;
				CLANG_ANALYZER_NONNULL = YES;
				CLANG_ANALYZER_NUMBER_OBJECT_CONVERSION = YES_AGGRESSIVE;
				CLANG_CXX_LANGUAGE_STANDARD = "gnu++14";
				CLANG_CXX_LIBRARY = "libc++";
				CLANG_ENABLE_MODULES = YES;
				CLANG_ENABLE_OBJC_ARC = YES;
				CLANG_ENABLE_OBJC_WEAK = YES;
				CLANG_WARN_BLOCK_CAPTURE_AUTORELEASING = YES;
				CLANG_WARN_BOOL_CONVERSION = YES;
				CLANG_WARN_COMMA = YES;
				CLANG_WARN_CONSTANT_CONVERSION = YES;
				CLANG_WARN_DEPRECATED_OBJC_IMPLEMENTATIONS = YES;
				CLANG_WARN_DIRECT_OBJC_ISA_USAGE = YES_ERROR;
				CLANG_WARN_DOCUMENTATION_COMMENTS = YES;
				CLANG_WARN_EMPTY_BODY = YES;
				CLANG_WARN_ENUM_CONVERSION = YES;
				CLANG_WARN_INFINITE_RECURSION = YES;
				CLANG_WARN_INT_CONVERSION = YES;
				CLANG_WARN_NON_LITERAL_NULL_CONVERSION = YES;
				CLANG_WARN_OBJC_IMPLICIT_RETAIN_SELF = YES;
				CLANG_WARN_OBJC_LITERAL_CONVERSION = YES;
				CLANG_WARN_OBJC_ROOT_CLASS = YES_ERROR;
				CLANG_WARN_RANGE_LOOP_ANALYSIS = YES;
				CLANG_WARN_STRICT_PROTOTYPES = YES;
				CLANG_WARN_SUSPICIOUS_MOVE = YES;
				CLANG_WARN_UNGUARDED_AVAILABILITY = YES_AGGRESSIVE;
				CLANG_WARN_UNREACHABLE_CODE = YES;
				CLANG_WARN__DUPLICATE_METHOD_MATCH = YES;
				CODE_SIGN_IDENTITY = "iPhone Developer";
				COPY_PHASE_STRIP = NO;
				DEBUG_INFORMATION_FORMAT = "dwarf-with-dsym";
				ENABLE_NS_ASSERTIONS = NO;
				ENABLE_STRICT_OBJC_MSGSEND = YES;
				GCC_C_LANGUAGE_STANDARD = gnu11;
				GCC_NO_COMMON_BLOCKS = YES;
				GCC_WARN_64_TO_32_BIT_CONVERSION = YES;
				GCC_WARN_ABOUT_RETURN_TYPE = YES_ERROR;
				GCC_WARN_UNDECLARED_SELECTOR = YES;
				GCC_WARN_UNINITIALIZED_AUTOS = YES_AGGRESSIVE;
				GCC_WARN_UNUSED_FUNCTION = YES;
				GCC_WARN_UNUSED_VARIABLE = YES;
				IPHONEOS_DEPLOYMENT_TARGET = 12.1;
				MTL_ENABLE_DEBUG_INFO = NO;
				MTL_FAST_MATH = YES;
				SDKROOT = iphoneos;
				VALIDATE_PRODUCT = YES;
			};
			name = Release;
		};
		D9619107222957C60057C11A /* Debug */ = {
			isa = XCBuildConfiguration;
			baseConfigurationReference = 906159D84DB6A361C8958D07 /* Pods-BidMachineSample.debug.xcconfig */;
			buildSettings = {
				ASSETCATALOG_COMPILER_APPICON_NAME = AppIcon;
				CLANG_ENABLE_MODULES = YES;
				CODE_SIGN_STYLE = Automatic;
				DEVELOPMENT_TEAM = WG4VFF78ZM;
				INFOPLIST_FILE = BidMachineSample/Info.plist;
				IPHONEOS_DEPLOYMENT_TARGET = 12.0;
				LD_RUNPATH_SEARCH_PATHS = (
					"$(inherited)",
					"@executable_path/Frameworks",
				);
				PRODUCT_BUNDLE_IDENTIFIER = com.bidmachine.sample;
				PRODUCT_NAME = "$(TARGET_NAME)";
				SWIFT_OPTIMIZATION_LEVEL = "-Onone";
				SWIFT_VERSION = 5.0;
				TARGETED_DEVICE_FAMILY = "1,2";
			};
			name = Debug;
		};
		D9619108222957C60057C11A /* Release */ = {
			isa = XCBuildConfiguration;
			baseConfigurationReference = E572D9AE5411BA8D7F1A45ED /* Pods-BidMachineSample.release.xcconfig */;
			buildSettings = {
				ASSETCATALOG_COMPILER_APPICON_NAME = AppIcon;
				CLANG_ENABLE_MODULES = YES;
				CODE_SIGN_STYLE = Automatic;
				DEVELOPMENT_TEAM = WG4VFF78ZM;
				INFOPLIST_FILE = BidMachineSample/Info.plist;
				IPHONEOS_DEPLOYMENT_TARGET = 12.0;
				LD_RUNPATH_SEARCH_PATHS = (
					"$(inherited)",
					"@executable_path/Frameworks",
				);
				PRODUCT_BUNDLE_IDENTIFIER = com.bidmachine.sample;
				PRODUCT_NAME = "$(TARGET_NAME)";
				SWIFT_VERSION = 5.0;
				TARGETED_DEVICE_FAMILY = "1,2";
			};
			name = Release;
		};
/* End XCBuildConfiguration section */

/* Begin XCConfigurationList section */
		D96190EB222957C50057C11A /* Build configuration list for PBXProject "BidMachineSample" */ = {
			isa = XCConfigurationList;
			buildConfigurations = (
				D9619104222957C60057C11A /* Debug */,
				D9619105222957C60057C11A /* Release */,
			);
			defaultConfigurationIsVisible = 0;
			defaultConfigurationName = Release;
		};
		D9619106222957C60057C11A /* Build configuration list for PBXNativeTarget "BidMachineSample" */ = {
			isa = XCConfigurationList;
			buildConfigurations = (
				D9619107222957C60057C11A /* Debug */,
				D9619108222957C60057C11A /* Release */,
			);
			defaultConfigurationIsVisible = 0;
			defaultConfigurationName = Release;
		};
/* End XCConfigurationList section */
	};
	rootObject = D96190E8222957C50057C11A /* Project object */;
}
